
Microsoft Visual Studio Solution File, Format Version 12.00
# Visual Studio 14
VisualStudioVersion = 14.0.23107.0
MinimumVisualStudioVersion = 10.0.40219.1
Project("{FAE04EC0-301F-11D3-BF4B-00C04F79EFBC}") = "jcDC.Library", "jcDC.Library.csproj", "{D168570D-9DB5-4F88-A08E-0A4F51616B78}"
EndProject
Project("{FAE04EC0-301F-11D3-BF4B-00C04F79EFBC}") = "jcDC.Tests.WebAPI", "..\jcDC.Tests.WebAPI\jcDC.Tests.WebAPI.csproj", "{0F3C0C33-E0B1-4E77-9AC4-DB98FBD09C49}"
EndProject
Global
	GlobalSection(SolutionConfigurationPlatforms) = preSolution
		Debug|Any CPU = Debug|Any CPU
		Release|Any CPU = Release|Any CPU
	EndGlobalSection
	GlobalSection(ProjectConfigurationPlatforms) = postSolution
		{D168570D-9DB5-4F88-A08E-0A4F51616B78}.Debug|Any CPU.ActiveCfg = Debug|Any CPU
		{D168570D-9DB5-4F88-A08E-0A4F51616B78}.Debug|Any CPU.Build.0 = Debug|Any CPU
		{D168570D-9DB5-4F88-A08E-0A4F51616B78}.Release|Any CPU.ActiveCfg = Release|Any CPU
		{D168570D-9DB5-4F88-A08E-0A4F51616B78}.Release|Any CPU.Build.0 = Release|Any CPU
		{0F3C0C33-E0B1-4E77-9AC4-DB98FBD09C49}.Debug|Any CPU.ActiveCfg = Debug|Any CPU
		{0F3C0C33-E0B1-4E77-9AC4-DB98FBD09C49}.Debug|Any CPU.Build.0 = Debug|Any CPU
		{0F3C0C33-E0B1-4E77-9AC4-DB98FBD09C49}.Release|Any CPU.ActiveCfg = Release|Any CPU
		{0F3C0C33-E0B1-4E77-9AC4-DB98FBD09C49}.Release|Any CPU.Build.0 = Release|Any CPU
	EndGlobalSection
	GlobalSection(SolutionProperties) = preSolution
		HideSolutionNode = FALSE
	EndGlobalSection
EndGlobal
